// !$*UTF8*$!
{
	archiveVersion = 1;
	classes = {
	};
	objectVersion = 50;
	objects = {

/* Begin PBXBuildFile section */
		84A5C0802162376C0001C98F /* AppDelegate.swift in Sources */ = {isa = PBXBuildFile; fileRef = 84A5C07F2162376C0001C98F /* AppDelegate.swift */; };
		84A5C0822162376C0001C98F /* ViewController.swift in Sources */ = {isa = PBXBuildFile; fileRef = 84A5C0812162376C0001C98F /* ViewController.swift */; };
		84A5C0852162376C0001C98F /* Main.storyboard in Resources */ = {isa = PBXBuildFile; fileRef = 84A5C0832162376C0001C98F /* Main.storyboard */; };
		84A5C0872162376F0001C98F /* Assets.xcassets in Resources */ = {isa = PBXBuildFile; fileRef = 84A5C0862162376F0001C98F /* Assets.xcassets */; };
		84A5C08A2162376F0001C98F /* LaunchScreen.storyboard in Resources */ = {isa = PBXBuildFile; fileRef = 84A5C0882162376F0001C98F /* LaunchScreen.storyboard */; };
		84A5C0952162387D0001C98F /* SWRevealViewController.m in Sources */ = {isa = PBXBuildFile; fileRef = 84A5C0942162387D0001C98F /* SWRevealViewController.m */; };
		B4726C06EADEB5510ABAEFD0 /* Pods_msgApp.framework in Frameworks */ = {isa = PBXBuildFile; fileRef = 2C3A54BC294937B54B6E1533 /* Pods_msgApp.framework */; };
/* End PBXBuildFile section */

/* Begin PBXFileReference section */
		13DBC7E2430039BD6C08FDF1 /* Pods-msgApp.release.xcconfig */ = {isa = PBXFileReference; includeInIndex = 1; lastKnownFileType = text.xcconfig; name = "Pods-msgApp.release.xcconfig"; path = "Pods/Target Support Files/Pods-msgApp/Pods-msgApp.release.xcconfig"; sourceTree = "<group>"; };
		2C3A54BC294937B54B6E1533 /* Pods_msgApp.framework */ = {isa = PBXFileReference; explicitFileType = wrapper.framework; includeInIndex = 0; path = Pods_msgApp.framework; sourceTree = BUILT_PRODUCTS_DIR; };
		84A5C07C2162376C0001C98F /* msgApp.app */ = {isa = PBXFileReference; explicitFileType = wrapper.application; includeInIndex = 0; path = msgApp.app; sourceTree = BUILT_PRODUCTS_DIR; };
		84A5C07F2162376C0001C98F /* AppDelegate.swift */ = {isa = PBXFileReference; lastKnownFileType = sourcecode.swift; path = AppDelegate.swift; sourceTree = "<group>"; };
		84A5C0812162376C0001C98F /* ViewController.swift */ = {isa = PBXFileReference; lastKnownFileType = sourcecode.swift; path = ViewController.swift; sourceTree = "<group>"; };
		84A5C0842162376C0001C98F /* Base */ = {isa = PBXFileReference; lastKnownFileType = file.storyboard; name = Base; path = Base.lproj/Main.storyboard; sourceTree = "<group>"; };
		84A5C0862162376F0001C98F /* Assets.xcassets */ = {isa = PBXFileReference; lastKnownFileType = folder.assetcatalog; path = Assets.xcassets; sourceTree = "<group>"; };
		84A5C0892162376F0001C98F /* Base */ = {isa = PBXFileReference; lastKnownFileType = file.storyboard; name = Base; path = Base.lproj/LaunchScreen.storyboard; sourceTree = "<group>"; };
		84A5C08B2162376F0001C98F /* Info.plist */ = {isa = PBXFileReference; lastKnownFileType = text.plist.xml; path = Info.plist; sourceTree = "<group>"; };
		84A5C0922162387B0001C98F /* msgApp-Bridging-Header.h */ = {isa = PBXFileReference; lastKnownFileType = sourcecode.c.h; path = "msgApp-Bridging-Header.h"; sourceTree = "<group>"; };
		84A5C0932162387C0001C98F /* SWRevealViewController.h */ = {isa = PBXFileReference; fileEncoding = 4; lastKnownFileType = sourcecode.c.h; path = SWRevealViewController.h; sourceTree = "<group>"; };
		84A5C0942162387D0001C98F /* SWRevealViewController.m */ = {isa = PBXFileReference; fileEncoding = 4; lastKnownFileType = sourcecode.c.objc; path = SWRevealViewController.m; sourceTree = "<group>"; };
		DA7B7571FE51E16E806F2345 /* Pods-msgApp.debug.xcconfig */ = {isa = PBXFileReference; includeInIndex = 1; lastKnownFileType = text.xcconfig; name = "Pods-msgApp.debug.xcconfig"; path = "Pods/Target Support Files/Pods-msgApp/Pods-msgApp.debug.xcconfig"; sourceTree = "<group>"; };
/* End PBXFileReference section */

/* Begin PBXFrameworksBuildPhase section */
		84A5C0792162376C0001C98F /* Frameworks */ = {
			isa = PBXFrameworksBuildPhase;
			buildActionMask = 2147483647;
			files = (
				B4726C06EADEB5510ABAEFD0 /* Pods_msgApp.framework in Frameworks */,
			);
			runOnlyForDeploymentPostprocessing = 0;
		};
/* End PBXFrameworksBuildPhase section */

/* Begin PBXGroup section */
		592B0288A27200B02A3D92CB /* Frameworks */ = {
			isa = PBXGroup;
			children = (
				2C3A54BC294937B54B6E1533 /* Pods_msgApp.framework */,
			);
			name = Frameworks;
			sourceTree = "<group>";
		};
		66E2CF05EAC317FCBE0EFEBB /* Pods */ = {
			isa = PBXGroup;
			children = (
				DA7B7571FE51E16E806F2345 /* Pods-msgApp.debug.xcconfig */,
				13DBC7E2430039BD6C08FDF1 /* Pods-msgApp.release.xcconfig */,
			);
			name = Pods;
			sourceTree = "<group>";
		};
		84A5C0732162376C0001C98F = {
			isa = PBXGroup;
			children = (
				84A5C07E2162376C0001C98F /* msgApp */,
				84A5C07D2162376C0001C98F /* Products */,
				66E2CF05EAC317FCBE0EFEBB /* Pods */,
				592B0288A27200B02A3D92CB /* Frameworks */,
			);
			sourceTree = "<group>";
		};
		84A5C07D2162376C0001C98F /* Products */ = {
			isa = PBXGroup;
			children = (
				84A5C07C2162376C0001C98F /* msgApp.app */,
			);
			name = Products;
			sourceTree = "<group>";
		};
		84A5C07E2162376C0001C98F /* msgApp */ = {
			isa = PBXGroup;
			children = (
				84A5C091216238300001C98F /* supported File */,
				84A5C07F2162376C0001C98F /* AppDelegate.swift */,
				84A5C0812162376C0001C98F /* ViewController.swift */,
				84A5C0832162376C0001C98F /* Main.storyboard */,
				84A5C0862162376F0001C98F /* Assets.xcassets */,
				84A5C0882162376F0001C98F /* LaunchScreen.storyboard */,
				84A5C08B2162376F0001C98F /* Info.plist */,
			);
			path = msgApp;
			sourceTree = "<group>";
		};
		84A5C091216238300001C98F /* supported File */ = {
			isa = PBXGroup;
			children = (
				84A5C0932162387C0001C98F /* SWRevealViewController.h */,
				84A5C0942162387D0001C98F /* SWRevealViewController.m */,
				84A5C0922162387B0001C98F /* msgApp-Bridging-Header.h */,
			);
			path = "supported File";
			sourceTree = "<group>";
		};
/* End PBXGroup section */

/* Begin PBXNativeTarget section */
		84A5C07B2162376C0001C98F /* msgApp */ = {
			isa = PBXNativeTarget;
			buildConfigurationList = 84A5C08E2162376F0001C98F /* Build configuration list for PBXNativeTarget "msgApp" */;
			buildPhases = (
				575A0CD17C7DBB3DAF4C596B /* [CP] Check Pods Manifest.lock */,
				84A5C0782162376C0001C98F /* Sources */,
				84A5C0792162376C0001C98F /* Frameworks */,
				84A5C07A2162376C0001C98F /* Resources */,
				BE3597785FE1BFE8B13A20A0 /* [CP] Embed Pods Frameworks */,
			);
			buildRules = (
			);
			dependencies = (
			);
			name = msgApp;
			productName = msgApp;
			productReference = 84A5C07C2162376C0001C98F /* msgApp.app */;
			productType = "com.apple.product-type.application";
		};
/* End PBXNativeTarget section */

/* Begin PBXProject section */
		84A5C0742162376C0001C98F /* Project object */ = {
			isa = PBXProject;
			attributes = {
				LastSwiftUpdateCheck = 1000;
				LastUpgradeCheck = 1000;
				ORGANIZATIONNAME = Admin;
				TargetAttributes = {
					84A5C07B2162376C0001C98F = {
						CreatedOnToolsVersion = 10.0;
						LastSwiftMigration = 1000;
					};
				};
			};
			buildConfigurationList = 84A5C0772162376C0001C98F /* Build configuration list for PBXProject "msgApp" */;
			compatibilityVersion = "Xcode 9.3";
			developmentRegion = en;
			hasScannedForEncodings = 0;
			knownRegions = (
				en,
				Base,
			);
			mainGroup = 84A5C0732162376C0001C98F;
			productRefGroup = 84A5C07D2162376C0001C98F /* Products */;
			projectDirPath = "";
			projectRoot = "";
			targets = (
				84A5C07B2162376C0001C98F /* msgApp */,
			);
		};
/* End PBXProject section */

/* Begin PBXResourcesBuildPhase section */
		84A5C07A2162376C0001C98F /* Resources */ = {
			isa = PBXResourcesBuildPhase;
			buildActionMask = 2147483647;
			files = (
				84A5C08A2162376F0001C98F /* LaunchScreen.storyboard in Resources */,
				84A5C0872162376F0001C98F /* Assets.xcassets in Resources */,
				84A5C0852162376C0001C98F /* Main.storyboard in Resources */,
			);
			runOnlyForDeploymentPostprocessing = 0;
		};
/* End PBXResourcesBuildPhase section */

/* Begin PBXShellScriptBuildPhase section */
		575A0CD17C7DBB3DAF4C596B /* [CP] Check Pods Manifest.lock */ = {
			isa = PBXShellScriptBuildPhase;
			buildActionMask = 2147483647;
			files = (
			);
			inputPaths = (
				"${PODS_PODFILE_DIR_PATH}/Podfile.lock",
				"${PODS_ROOT}/Manifest.lock",
			);
			name = "[CP] Check Pods Manifest.lock";
			outputPaths = (
				"$(DERIVED_FILE_DIR)/Pods-msgApp-checkManifestLockResult.txt",
			);
			runOnlyForDeploymentPostprocessing = 0;
			shellPath = /bin/sh;
			shellScript = "diff \"${PODS_PODFILE_DIR_PATH}/Podfile.lock\" \"${PODS_ROOT}/Manifest.lock\" > /dev/null\nif [ $? != 0 ] ; then\n    # print error to STDERR\n    echo \"error: The sandbox is not in sync with the Podfile.lock. Run 'pod install' or update your CocoaPods installation.\" >&2\n    exit 1\nfi\n# This output is used by Xcode 'outputs' to avoid re-running this script phase.\necho \"SUCCESS\" > \"${SCRIPT_OUTPUT_FILE_0}\"\n";
			showEnvVarsInLog = 0;
		};
		BE3597785FE1BFE8B13A20A0 /* [CP] Embed Pods Frameworks */ = {
			isa = PBXShellScriptBuildPhase;
			buildActionMask = 2147483647;
			files = (
			);
			inputPaths = (
				"${SRCROOT}/Pods/Target Support Files/Pods-msgApp/Pods-msgApp-frameworks.sh",
				"${BUILT_PRODUCTS_DIR}/Alamofire/Alamofire.framework",
				"${BUILT_PRODUCTS_DIR}/Socket.IO-Client-Swift/SocketIO.framework",
				"${BUILT_PRODUCTS_DIR}/Starscream/Starscream.framework",
				"${BUILT_PRODUCTS_DIR}/SwiftyJSON/SwiftyJSON.framework",
			);
			name = "[CP] Embed Pods Frameworks";
			outputPaths = (
				"${TARGET_BUILD_DIR}/${FRAMEWORKS_FOLDER_PATH}/Alamofire.framework",
				"${TARGET_BUILD_DIR}/${FRAMEWORKS_FOLDER_PATH}/SocketIO.framework",
				"${TARGET_BUILD_DIR}/${FRAMEWORKS_FOLDER_PATH}/Starscream.framework",
				"${TARGET_BUILD_DIR}/${FRAMEWORKS_FOLDER_PATH}/SwiftyJSON.framework",
			);
			runOnlyForDeploymentPostprocessing = 0;
			shellPath = /bin/sh;
			shellScript = "\"${SRCROOT}/Pods/Target Support Files/Pods-msgApp/Pods-msgApp-frameworks.sh\"\n";
			showEnvVarsInLog = 0;
		};
/* End PBXShellScriptBuildPhase section */

/* Begin PBXSourcesBuildPhase section */
		84A5C0782162376C0001C98F /* Sources */ = {
			isa = PBXSourcesBuildPhase;
			buildActionMask = 2147483647;
			files = (
				84A5C0822162376C0001C98F /* ViewController.swift in Sources */,
				84A5C0802162376C0001C98F /* AppDelegate.swift in Sources */,
				84A5C0952162387D0001C98F /* SWRevealViewController.m in Sources */,
			);
			runOnlyForDeploymentPostprocessing = 0;
		};
/* End PBXSourcesBuildPhase section */

/* Begin PBXVariantGroup section */
		84A5C0832162376C0001C98F /* Main.storyboard */ = {
			isa = PBXVariantGroup;
			children = (
				84A5C0842162376C0001C98F /* Base */,
			);
			name = Main.storyboard;
			sourceTree = "<group>";
		};
		84A5C0882162376F0001C98F /* LaunchScreen.storyboard */ = {
			isa = PBXVariantGroup;
			children = (
				84A5C0892162376F0001C98F /* Base */,
			);
			name = LaunchScreen.storyboard;
			sourceTree = "<group>";
		};
/* End PBXVariantGroup section */

/* Begin XCBuildConfiguration section */
		84A5C08C2162376F0001C98F /* Debug */ = {
			isa = XCBuildConfiguration;
			buildSettings = {
				ALWAYS_SEARCH_USER_PATHS = NO;
				CLANG_ANALYZER_NONNULL = YES;
				CLANG_ANALYZER_NUMBER_OBJECT_CONVERSION = YES_AGGRESSIVE;
				CLANG_CXX_LANGUAGE_STANDARD = "gnu++14";
				CLANG_CXX_LIBRARY = "libc++";
				CLANG_ENABLE_MODULES = YES;
				CLANG_ENABLE_OBJC_ARC = YES;
				CLANG_ENABLE_OBJC_WEAK = YES;
				CLANG_WARN_BLOCK_CAPTURE_AUTORELEASING = YES;
				CLANG_WARN_BOOL_CONVERSION = YES;
				CLANG_WARN_COMMA = YES;
				CLANG_WARN_CONSTANT_CONVERSION = YES;
				CLANG_WARN_DEPRECATED_OBJC_IMPLEMENTATIONS = YES;
				CLANG_WARN_DIRECT_OBJC_ISA_USAGE = YES_ERROR;
				CLANG_WARN_DOCUMENTATION_COMMENTS = YES;
				CLANG_WARN_EMPTY_BODY = YES;
				CLANG_WARN_ENUM_CONVERSION = YES;
				CLANG_WARN_INFINITE_RECURSION = YES;
				CLANG_WARN_INT_CONVERSION = YES;
				CLANG_WARN_NON_LITERAL_NULL_CONVERSION = YES;
				CLANG_WARN_OBJC_IMPLICIT_RETAIN_SELF = YES;
				CLANG_WARN_OBJC_LITERAL_CONVERSION = YES;
				CLANG_WARN_OBJC_ROOT_CLASS = YES_ERROR;
				CLANG_WARN_RANGE_LOOP_ANALYSIS = YES;
				CLANG_WARN_STRICT_PROTOTYPES = YES;
				CLANG_WARN_SUSPICIOUS_MOVE = YES;
				CLANG_WARN_UNGUARDED_AVAILABILITY = YES_AGGRESSIVE;
				CLANG_WARN_UNREACHABLE_CODE = YES;
				CLANG_WARN__DUPLICATE_METHOD_MATCH = YES;
				CODE_SIGN_IDENTITY = "iPhone Developer";
				COPY_PHASE_STRIP = NO;
				DEBUG_INFORMATION_FORMAT = dwarf;
				ENABLE_STRICT_OBJC_MSGSEND = YES;
				ENABLE_TESTABILITY = YES;
				GCC_C_LANGUAGE_STANDARD = gnu11;
				GCC_DYNAMIC_NO_PIC = NO;
				GCC_NO_COMMON_BLOCKS = YES;
				GCC_OPTIMIZATION_LEVEL = 0;
				GCC_PREPROCESSOR_DEFINITIONS = (
					"DEBUG=1",
					"$(inherited)",
				);
				GCC_WARN_64_TO_32_BIT_CONVERSION = YES;
				GCC_WARN_ABOUT_RETURN_TYPE = YES_ERROR;
				GCC_WARN_UNDECLARED_SELECTOR = YES;
				GCC_WARN_UNINITIALIZED_AUTOS = YES_AGGRESSIVE;
				GCC_WARN_UNUSED_FUNCTION = YES;
				GCC_WARN_UNUSED_VARIABLE = YES;
				IPHONEOS_DEPLOYMENT_TARGET = 12.0;
				MTL_ENABLE_DEBUG_INFO = INCLUDE_SOURCE;
				MTL_FAST_MATH = YES;
				ONLY_ACTIVE_ARCH = YES;
				SDKROOT = iphoneos;
				SWIFT_ACTIVE_COMPILATION_CONDITIONS = DEBUG;
				SWIFT_OPTIMIZATION_LEVEL = "-Onone";
			};
			name = Debug;
		};
		84A5C08D2162376F0001C98F /* Release */ = {
			isa = XCBuildConfiguration;
			buildSettings = {
				ALWAYS_SEARCH_USER_PATHS = NO;
				CLANG_ANALYZER_NONNULL = YES;
				CLANG_ANALYZER_NUMBER_OBJECT_CONVERSION = YES_AGGRESSIVE;
				CLANG_CXX_LANGUAGE_STANDARD = "gnu++14";
				CLANG_CXX_LIBRARY = "libc++";
				CLANG_ENABLE_MODULES = YES;
				CLANG_ENABLE_OBJC_ARC = YES;
				CLANG_ENABLE_OBJC_WEAK = YES;
				CLANG_WARN_BLOCK_CAPTURE_AUTORELEASING = YES;
				CLANG_WARN_BOOL_CONVERSION = YES;
				CLANG_WARN_COMMA = YES;
				CLANG_WARN_CONSTANT_CONVERSION = YES;
				CLANG_WARN_DEPRECATED_OBJC_IMPLEMENTATIONS = YES;
				CLANG_WARN_DIRECT_OBJC_ISA_USAGE = YES_ERROR;
				CLANG_WARN_DOCUMENTATION_COMMENTS = YES;
				CLANG_WARN_EMPTY_BODY = YES;
				CLANG_WARN_ENUM_CONVERSION = YES;
				CLANG_WARN_INFINITE_RECURSION = YES;
				CLANG_WARN_INT_CONVERSION = YES;
				CLANG_WARN_NON_LITERAL_NULL_CONVERSION = YES;
				CLANG_WARN_OBJC_IMPLICIT_RETAIN_SELF = YES;
				CLANG_WARN_OBJC_LITERAL_CONVERSION = YES;
				CLANG_WARN_OBJC_ROOT_CLASS = YES_ERROR;
				CLANG_WARN_RANGE_LOOP_ANALYSIS = YES;
				CLANG_WARN_STRICT_PROTOTYPES = YES;
				CLANG_WARN_SUSPICIOUS_MOVE = YES;
				CLANG_WARN_UNGUARDED_AVAILABILITY = YES_AGGRESSIVE;
				CLANG_WARN_UNREACHABLE_CODE = YES;
				CLANG_WARN__DUPLICATE_METHOD_MATCH = YES;
				CODE_SIGN_IDENTITY = "iPhone Developer";
				COPY_PHASE_STRIP = NO;
				DEBUG_INFORMATION_FORMAT = "dwarf-with-dsym";
				ENABLE_NS_ASSERTIONS = NO;
				ENABLE_STRICT_OBJC_MSGSEND = YES;
				GCC_C_LANGUAGE_STANDARD = gnu11;
				GCC_NO_COMMON_BLOCKS = YES;
				GCC_WARN_64_TO_32_BIT_CONVERSION = YES;
				GCC_WARN_ABOUT_RETURN_TYPE = YES_ERROR;
				GCC_WARN_UNDECLARED_SELECTOR = YES;
				GCC_WARN_UNINITIALIZED_AUTOS = YES_AGGRESSIVE;
				GCC_WARN_UNUSED_FUNCTION = YES;
				GCC_WARN_UNUSED_VARIABLE = YES;
				IPHONEOS_DEPLOYMENT_TARGET = 12.0;
				MTL_ENABLE_DEBUG_INFO = NO;
				MTL_FAST_MATH = YES;
				SDKROOT = iphoneos;
				SWIFT_COMPILATION_MODE = wholemodule;
				SWIFT_OPTIMIZATION_LEVEL = "-O";
				VALIDATE_PRODUCT = YES;
			};
			name = Release;
		};
		84A5C08F2162376F0001C98F /* Debug */ = {
			isa = XCBuildConfiguration;
			baseConfigurationReference = DA7B7571FE51E16E806F2345 /* Pods-msgApp.debug.xcconfig */;
			buildSettings = {
				ASSETCATALOG_COMPILER_APPICON_NAME = AppIcon;
				CLANG_ENABLE_MODULES = YES;
				CODE_SIGN_STYLE = Automatic;
				INFOPLIST_FILE = msgApp/Info.plist;
				LD_RUNPATH_SEARCH_PATHS = (
					"$(inherited)",
					"@executable_path/Frameworks",
				);
				PRODUCT_BUNDLE_IDENTIFIER = "-23.msgApp";
				PRODUCT_NAME = "$(TARGET_NAME)";
				SWIFT_OBJC_BRIDGING_HEADER = "msgApp/supported File/msgApp-Bridging-Header.h";
				SWIFT_OPTIMIZATION_LEVEL = "-Onone";
				SWIFT_VERSION = 4.2;
				TARGETED_DEVICE_FAMILY = "1,2";
			};
			name = Debug;
		};
		84A5C0902162376F0001C98F /* Release */ = {
			isa = XCBuildConfiguration;
			baseConfigurationReference = 13DBC7E2430039BD6C08FDF1 /* Pods-msgApp.release.xcconfig */;
			buildSettings = {
				ASSETCATALOG_COMPILER_APPICON_NAME = AppIcon;
				CLANG_ENABLE_MODULES = YES;
				CODE_SIGN_STYLE = Automatic;
				INFOPLIST_FILE = msgApp/Info.plist;
				LD_RUNPATH_SEARCH_PATHS = (
					"$(inherited)",
					"@executable_path/Frameworks",
				);
				PRODUCT_BUNDLE_IDENTIFIER = "-23.msgApp";
				PRODUCT_NAME = "$(TARGET_NAME)";
				SWIFT_OBJC_BRIDGING_HEADER = "msgApp/supported File/msgApp-Bridging-Header.h";
				SWIFT_VERSION = 4.2;
				TARGETED_DEVICE_FAMILY = "1,2";
			};
			name = Release;
		};
/* End XCBuildConfiguration section */

/* Begin XCConfigurationList section */
		84A5C0772162376C0001C98F /* Build configuration list for PBXProject "msgApp" */ = {
			isa = XCConfigurationList;
			buildConfigurations = (
				84A5C08C2162376F0001C98F /* Debug */,
				84A5C08D2162376F0001C98F /* Release */,
			);
			defaultConfigurationIsVisible = 0;
			defaultConfigurationName = Release;
		};
		84A5C08E2162376F0001C98F /* Build configuration list for PBXNativeTarget "msgApp" */ = {
			isa = XCConfigurationList;
			buildConfigurations = (
				84A5C08F2162376F0001C98F /* Debug */,
				84A5C0902162376F0001C98F /* Release */,
			);
			defaultConfigurationIsVisible = 0;
			defaultConfigurationName = Release;
		};
/* End XCConfigurationList section */
	};
	rootObject = 84A5C0742162376C0001C98F /* Project object */;
}
